
Microsoft Visual Studio Solution File, Format Version 10.00
# Visual Studio 2008
Project("{FAE04EC0-301F-11D3-BF4B-00C04F79EFBC}") = "Compiler", "Compiler\Compiler.csproj", "{05983FA9-33BE-43F4-A4B3-A0E2760032D3}"
EndProject
Global
	GlobalSection(SolutionConfigurationPlatforms) = preSolution
		Debug|Any CPU = Debug|Any CPU
		Release|Any CPU = Release|Any CPU
	EndGlobalSection
	GlobalSection(ProjectConfigurationPlatforms) = postSolution
		{05983FA9-33BE-43F4-A4B3-A0E2760032D3}.Debug|Any CPU.ActiveCfg = Debug|Any CPU
		{05983FA9-33BE-43F4-A4B3-A0E2760032D3}.Debug|Any CPU.Build.0 = Debug|Any CPU
		{05983FA9-33BE-43F4-A4B3-A0E2760032D3}.Release|Any CPU.ActiveCfg = Release|Any CPU
		{05983FA9-33BE-43F4-A4B3-A0E2760032D3}.Release|Any CPU.Build.0 = Release|Any CPU
	EndGlobalSection
	GlobalSection(SolutionProperties) = preSolution
		HideSolutionNode = FALSE
	EndGlobalSection
EndGlobal
